
Microsoft Visual Studio Solution File, Format Version 12.00
# Visual Studio Version 16
VisualStudioVersion = 16.0.31424.327
MinimumVisualStudioVersion = 10.0.40219.1
Project("{FAE04EC0-301F-11D3-BF4B-00C04F79EFBC}") = "WhatConnectors", "WpfApp1\WhatConnectors.csproj", "{3A4453D0-C23D-40F2-93D8-C337FA76C70E}"
EndProject
Global
	GlobalSection(SolutionConfigurationPlatforms) = preSolution
		Debug|Any CPU = Debug|Any CPU
		Release|Any CPU = Release|Any CPU
	EndGlobalSection
	GlobalSection(ProjectConfigurationPlatforms) = postSolution
		{3A4453D0-C23D-40F2-93D8-C337FA76C70E}.Debug|Any CPU.ActiveCfg = Debug|Any CPU
		{3A4453D0-C23D-40F2-93D8-C337FA76C70E}.Debug|Any CPU.Build.0 = Debug|Any CPU
		{3A4453D0-C23D-40F2-93D8-C337FA76C70E}.Release|Any CPU.ActiveCfg = Release|Any CPU
		{3A4453D0-C23D-40F2-93D8-C337FA76C70E}.Release|Any CPU.Build.0 = Release|Any CPU
	EndGlobalSection
	GlobalSection(SolutionProperties) = preSolution
		HideSolutionNode = FALSE
	EndGlobalSection
	GlobalSection(ExtensibilityGlobals) = postSolution
		SolutionGuid = {06CDDA54-4A61-4C50-BC84-86034BE5C4F3}
	EndGlobalSection
EndGlobal
